
Microsoft Visual Studio Solution File, Format Version 12.00
# Visual Studio Version 17
VisualStudioVersion = 17.7.34018.315
MinimumVisualStudioVersion = 10.0.40219.1
Project("{FAE04EC0-301F-11D3-BF4B-00C04F79EFBC}") = "FIGURAS GEOMETRICAS", "FIGURAS GEOMETRICAS\FIGURAS GEOMETRICAS.csproj", "{8AD79B8A-E2D5-4B59-ADBA-1A7566BAC58B}"
EndProject
Global
	GlobalSection(SolutionConfigurationPlatforms) = preSolution
		Debug|Any CPU = Debug|Any CPU
		Release|Any CPU = Release|Any CPU
	EndGlobalSection
	GlobalSection(ProjectConfigurationPlatforms) = postSolution
		{8AD79B8A-E2D5-4B59-ADBA-1A7566BAC58B}.Debug|Any CPU.ActiveCfg = Debug|Any CPU
		{8AD79B8A-E2D5-4B59-ADBA-1A7566BAC58B}.Debug|Any CPU.Build.0 = Debug|Any CPU
		{8AD79B8A-E2D5-4B59-ADBA-1A7566BAC58B}.Release|Any CPU.ActiveCfg = Release|Any CPU
		{8AD79B8A-E2D5-4B59-ADBA-1A7566BAC58B}.Release|Any CPU.Build.0 = Release|Any CPU
	EndGlobalSection
	GlobalSection(SolutionProperties) = preSolution
		HideSolutionNode = FALSE
	EndGlobalSection
	GlobalSection(ExtensibilityGlobals) = postSolution
		SolutionGuid = {B50E5402-4EEC-4443-9969-6DB56FCAC3B6}
	EndGlobalSection
EndGlobal
