
Microsoft Visual Studio Solution File, Format Version 12.00
# Visual Studio Version 17
VisualStudioVersion = 17.7.34018.315
MinimumVisualStudioVersion = 10.0.40219.1
Project("{FAE04EC0-301F-11D3-BF4B-00C04F79EFBC}") = "PERSONA_HERENCIA", "PERSONA_HERENCIA\PERSONA_HERENCIA.csproj", "{32E2A729-BB76-44EB-B58F-30732CCB7EDA}"
EndProject
Global
	GlobalSection(SolutionConfigurationPlatforms) = preSolution
		Debug|Any CPU = Debug|Any CPU
		Release|Any CPU = Release|Any CPU
	EndGlobalSection
	GlobalSection(ProjectConfigurationPlatforms) = postSolution
		{32E2A729-BB76-44EB-B58F-30732CCB7EDA}.Debug|Any CPU.ActiveCfg = Debug|Any CPU
		{32E2A729-BB76-44EB-B58F-30732CCB7EDA}.Debug|Any CPU.Build.0 = Debug|Any CPU
		{32E2A729-BB76-44EB-B58F-30732CCB7EDA}.Release|Any CPU.ActiveCfg = Release|Any CPU
		{32E2A729-BB76-44EB-B58F-30732CCB7EDA}.Release|Any CPU.Build.0 = Release|Any CPU
	EndGlobalSection
	GlobalSection(SolutionProperties) = preSolution
		HideSolutionNode = FALSE
	EndGlobalSection
	GlobalSection(ExtensibilityGlobals) = postSolution
		SolutionGuid = {8DDE75B7-6BD3-4FDC-BE21-1DE98B334F92}
	EndGlobalSection
EndGlobal
